// !$*UTF8*$!
{
	archiveVersion = 1;
	classes = {
	};
	objectVersion = 60;
	objects = {

/* Begin PBXBuildFile section */
		BC2FF0AF2C435BF9009390DF /* SampleSQLiteAppProjectApp.swift in Sources */ = {isa = PBXBuildFile; fileRef = BC2FF0AE2C435BF9009390DF /* SampleSQLiteAppProjectApp.swift */; };
		BC2FF0B12C435BFA009390DF /* ContentView.swift in Sources */ = {isa = PBXBuildFile; fileRef = BC2FF0B02C435BFA009390DF /* ContentView.swift */; };
		BC2FF0B32C435BFE009390DF /* Assets.xcassets in Resources */ = {isa = PBXBuildFile; fileRef = BC2FF0B22C435BFE009390DF /* Assets.xcassets */; };
		BC2FF0B62C435BFE009390DF /* Preview Assets.xcassets in Resources */ = {isa = PBXBuildFile; fileRef = BC2FF0B52C435BFE009390DF /* Preview Assets.xcassets */; };
		BC2FF0C02C451A37009390DF /* SQLiteSampleSDK in Frameworks */ = {isa = PBXBuildFile; productRef = BC2FF0BF2C451A37009390DF /* SQLiteSampleSDK */; };
		BC87558C2C451F3500F5EA09 /* SQLiteSampleSDK in Frameworks */ = {isa = PBXBuildFile; productRef = BC87558B2C451F3500F5EA09 /* SQLiteSampleSDK */; };
		BC87558E2C4B3DED00F5EA09 /* DefaultButtonStyle.swift in Sources */ = {isa = PBXBuildFile; fileRef = BC87558D2C4B3DED00F5EA09 /* DefaultButtonStyle.swift */; };
/* End PBXBuildFile section */

/* Begin PBXFileReference section */
		BC2FF0AB2C435BF9009390DF /* SampleSQLiteAppProject.app */ = {isa = PBXFileReference; explicitFileType = wrapper.application; includeInIndex = 0; path = SampleSQLiteAppProject.app; sourceTree = BUILT_PRODUCTS_DIR; };
		BC2FF0AE2C435BF9009390DF /* SampleSQLiteAppProjectApp.swift */ = {isa = PBXFileReference; lastKnownFileType = sourcecode.swift; path = SampleSQLiteAppProjectApp.swift; sourceTree = "<group>"; };
		BC2FF0B02C435BFA009390DF /* ContentView.swift */ = {isa = PBXFileReference; lastKnownFileType = sourcecode.swift; path = ContentView.swift; sourceTree = "<group>"; };
		BC2FF0B22C435BFE009390DF /* Assets.xcassets */ = {isa = PBXFileReference; lastKnownFileType = folder.assetcatalog; path = Assets.xcassets; sourceTree = "<group>"; };
		BC2FF0B52C435BFE009390DF /* Preview Assets.xcassets */ = {isa = PBXFileReference; lastKnownFileType = folder.assetcatalog; path = "Preview Assets.xcassets"; sourceTree = "<group>"; };
		BC87558D2C4B3DED00F5EA09 /* DefaultButtonStyle.swift */ = {isa = PBXFileReference; lastKnownFileType = sourcecode.swift; path = DefaultButtonStyle.swift; sourceTree = "<group>"; };
/* End PBXFileReference section */

/* Begin PBXFrameworksBuildPhase section */
		BC2FF0A82C435BF9009390DF /* Frameworks */ = {
			isa = PBXFrameworksBuildPhase;
			buildActionMask = 2147483647;
			files = (
				BC2FF0C02C451A37009390DF /* SQLiteSampleSDK in Frameworks */,
				BC87558C2C451F3500F5EA09 /* SQLiteSampleSDK in Frameworks */,
			);
			runOnlyForDeploymentPostprocessing = 0;
		};
/* End PBXFrameworksBuildPhase section */

/* Begin PBXGroup section */
		BC2FF0A22C435BF9009390DF = {
			isa = PBXGroup;
			children = (
				BC2FF0AD2C435BF9009390DF /* SampleSQLiteAppProject */,
				BC2FF0AC2C435BF9009390DF /* Products */,
				BC2FF0BE2C451A37009390DF /* Frameworks */,
			);
			sourceTree = "<group>";
		};
		BC2FF0AC2C435BF9009390DF /* Products */ = {
			isa = PBXGroup;
			children = (
				BC2FF0AB2C435BF9009390DF /* SampleSQLiteAppProject.app */,
			);
			name = Products;
			sourceTree = "<group>";
		};
		BC2FF0AD2C435BF9009390DF /* SampleSQLiteAppProject */ = {
			isa = PBXGroup;
			children = (
				BC2FF0AE2C435BF9009390DF /* SampleSQLiteAppProjectApp.swift */,
				BC2FF0B02C435BFA009390DF /* ContentView.swift */,
				BC2FF0B22C435BFE009390DF /* Assets.xcassets */,
				BC2FF0B42C435BFE009390DF /* Preview Content */,
				BC87558D2C4B3DED00F5EA09 /* DefaultButtonStyle.swift */,
			);
			path = SampleSQLiteAppProject;
			sourceTree = "<group>";
		};
		BC2FF0B42C435BFE009390DF /* Preview Content */ = {
			isa = PBXGroup;
			children = (
				BC2FF0B52C435BFE009390DF /* Preview Assets.xcassets */,
			);
			path = "Preview Content";
			sourceTree = "<group>";
		};
		BC2FF0BE2C451A37009390DF /* Frameworks */ = {
			isa = PBXGroup;
			children = (
			);
			name = Frameworks;
			sourceTree = "<group>";
		};
/* End PBXGroup section */

/* Begin PBXNativeTarget section */
		BC2FF0AA2C435BF9009390DF /* SampleSQLiteAppProject */ = {
			isa = PBXNativeTarget;
			buildConfigurationList = BC2FF0B92C435BFE009390DF /* Build configuration list for PBXNativeTarget "SampleSQLiteAppProject" */;
			buildPhases = (
				BC2FF0A72C435BF9009390DF /* Sources */,
				BC2FF0A82C435BF9009390DF /* Frameworks */,
				BC2FF0A92C435BF9009390DF /* Resources */,
			);
			buildRules = (
			);
			dependencies = (
			);
			name = SampleSQLiteAppProject;
			packageProductDependencies = (
				BC2FF0BF2C451A37009390DF /* SQLiteSampleSDK */,
				BC87558B2C451F3500F5EA09 /* SQLiteSampleSDK */,
			);
			productName = SampleSQLiteAppProject;
			productReference = BC2FF0AB2C435BF9009390DF /* SampleSQLiteAppProject.app */;
			productType = "com.apple.product-type.application";
		};
/* End PBXNativeTarget section */

/* Begin PBXProject section */
		BC2FF0A32C435BF9009390DF /* Project object */ = {
			isa = PBXProject;
			attributes = {
				BuildIndependentTargetsInParallel = 1;
				LastSwiftUpdateCheck = 1530;
				LastUpgradeCheck = 1530;
				TargetAttributes = {
					BC2FF0AA2C435BF9009390DF = {
						CreatedOnToolsVersion = 15.3;
					};
				};
			};
			buildConfigurationList = BC2FF0A62C435BF9009390DF /* Build configuration list for PBXProject "SampleSQLiteAppProject" */;
			compatibilityVersion = "Xcode 14.0";
			developmentRegion = en;
			hasScannedForEncodings = 0;
			knownRegions = (
				en,
				Base,
			);
			mainGroup = BC2FF0A22C435BF9009390DF;
			packageReferences = (
				BC87558A2C451F3500F5EA09 /* XCLocalSwiftPackageReference "../SQLiteSampleSDK" */,
			);
			productRefGroup = BC2FF0AC2C435BF9009390DF /* Products */;
			projectDirPath = "";
			projectRoot = "";
			targets = (
				BC2FF0AA2C435BF9009390DF /* SampleSQLiteAppProject */,
			);
		};
/* End PBXProject section */

/* Begin PBXResourcesBuildPhase section */
		BC2FF0A92C435BF9009390DF /* Resources */ = {
			isa = PBXResourcesBuildPhase;
			buildActionMask = 2147483647;
			files = (
				BC2FF0B62C435BFE009390DF /* Preview Assets.xcassets in Resources */,
				BC2FF0B32C435BFE009390DF /* Assets.xcassets in Resources */,
			);
			runOnlyForDeploymentPostprocessing = 0;
		};
/* End PBXResourcesBuildPhase section */

/* Begin PBXSourcesBuildPhase section */
		BC2FF0A72C435BF9009390DF /* Sources */ = {
			isa = PBXSourcesBuildPhase;
			buildActionMask = 2147483647;
			files = (
				BC2FF0B12C435BFA009390DF /* ContentView.swift in Sources */,
				BC87558E2C4B3DED00F5EA09 /* DefaultButtonStyle.swift in Sources */,
				BC2FF0AF2C435BF9009390DF /* SampleSQLiteAppProjectApp.swift in Sources */,
			);
			runOnlyForDeploymentPostprocessing = 0;
		};
/* End PBXSourcesBuildPhase section */

/* Begin XCBuildConfiguration section */
		BC2FF0B72C435BFE009390DF /* Debug */ = {
			isa = XCBuildConfiguration;
			buildSettings = {
				ALWAYS_SEARCH_USER_PATHS = NO;
				ASSETCATALOG_COMPILER_GENERATE_SWIFT_ASSET_SYMBOL_EXTENSIONS = YES;
				CLANG_ANALYZER_NONNULL = YES;
				CLANG_ANALYZER_NUMBER_OBJECT_CONVERSION = YES_AGGRESSIVE;
				CLANG_CXX_LANGUAGE_STANDARD = "gnu++20";
				CLANG_ENABLE_MODULES = YES;
				CLANG_ENABLE_OBJC_ARC = YES;
				CLANG_ENABLE_OBJC_WEAK = YES;
				CLANG_WARN_BLOCK_CAPTURE_AUTORELEASING = YES;
				CLANG_WARN_BOOL_CONVERSION = YES;
				CLANG_WARN_COMMA = YES;
				CLANG_WARN_CONSTANT_CONVERSION = YES;
				CLANG_WARN_DEPRECATED_OBJC_IMPLEMENTATIONS = YES;
				CLANG_WARN_DIRECT_OBJC_ISA_USAGE = YES_ERROR;
				CLANG_WARN_DOCUMENTATION_COMMENTS = YES;
				CLANG_WARN_EMPTY_BODY = YES;
				CLANG_WARN_ENUM_CONVERSION = YES;
				CLANG_WARN_INFINITE_RECURSION = YES;
				CLANG_WARN_INT_CONVERSION = YES;
				CLANG_WARN_NON_LITERAL_NULL_CONVERSION = YES;
				CLANG_WARN_OBJC_IMPLICIT_RETAIN_SELF = YES;
				CLANG_WARN_OBJC_LITERAL_CONVERSION = YES;
				CLANG_WARN_OBJC_ROOT_CLASS = YES_ERROR;
				CLANG_WARN_QUOTED_INCLUDE_IN_FRAMEWORK_HEADER = YES;
				CLANG_WARN_RANGE_LOOP_ANALYSIS = YES;
				CLANG_WARN_STRICT_PROTOTYPES = YES;
				CLANG_WARN_SUSPICIOUS_MOVE = YES;
				CLANG_WARN_UNGUARDED_AVAILABILITY = YES_AGGRESSIVE;
				CLANG_WARN_UNREACHABLE_CODE = YES;
				CLANG_WARN__DUPLICATE_METHOD_MATCH = YES;
				COPY_PHASE_STRIP = NO;
				DEBUG_INFORMATION_FORMAT = dwarf;
				ENABLE_STRICT_OBJC_MSGSEND = YES;
				ENABLE_TESTABILITY = YES;
				ENABLE_USER_SCRIPT_SANDBOXING = YES;
				GCC_C_LANGUAGE_STANDARD = gnu17;
				GCC_DYNAMIC_NO_PIC = NO;
				GCC_NO_COMMON_BLOCKS = YES;
				GCC_OPTIMIZATION_LEVEL = 0;
				GCC_PREPROCESSOR_DEFINITIONS = (
					"DEBUG=1",
					"$(inherited)",
				);
				GCC_WARN_64_TO_32_BIT_CONVERSION = YES;
				GCC_WARN_ABOUT_RETURN_TYPE = YES_ERROR;
				GCC_WARN_UNDECLARED_SELECTOR = YES;
				GCC_WARN_UNINITIALIZED_AUTOS = YES_AGGRESSIVE;
				GCC_WARN_UNUSED_FUNCTION = YES;
				GCC_WARN_UNUSED_VARIABLE = YES;
				IPHONEOS_DEPLOYMENT_TARGET = 17.4;
				LOCALIZATION_PREFERS_STRING_CATALOGS = YES;
				MTL_ENABLE_DEBUG_INFO = INCLUDE_SOURCE;
				MTL_FAST_MATH = YES;
				ONLY_ACTIVE_ARCH = YES;
				SDKROOT = iphoneos;
				SWIFT_ACTIVE_COMPILATION_CONDITIONS = "DEBUG $(inherited)";
				SWIFT_OPTIMIZATION_LEVEL = "-Onone";
			};
			name = Debug;
		};
		BC2FF0B82C435BFE009390DF /* Release */ = {
			isa = XCBuildConfiguration;
			buildSettings = {
				ALWAYS_SEARCH_USER_PATHS = NO;
				ASSETCATALOG_COMPILER_GENERATE_SWIFT_ASSET_SYMBOL_EXTENSIONS = YES;
				CLANG_ANALYZER_NONNULL = YES;
				CLANG_ANALYZER_NUMBER_OBJECT_CONVERSION = YES_AGGRESSIVE;
				CLANG_CXX_LANGUAGE_STANDARD = "gnu++20";
				CLANG_ENABLE_MODULES = YES;
				CLANG_ENABLE_OBJC_ARC = YES;
				CLANG_ENABLE_OBJC_WEAK = YES;
				CLANG_WARN_BLOCK_CAPTURE_AUTORELEASING = YES;
				CLANG_WARN_BOOL_CONVERSION = YES;
				CLANG_WARN_COMMA = YES;
				CLANG_WARN_CONSTANT_CONVERSION = YES;
				CLANG_WARN_DEPRECATED_OBJC_IMPLEMENTATIONS = YES;
				CLANG_WARN_DIRECT_OBJC_ISA_USAGE = YES_ERROR;
				CLANG_WARN_DOCUMENTATION_COMMENTS = YES;
				CLANG_WARN_EMPTY_BODY = YES;
				CLANG_WARN_ENUM_CONVERSION = YES;
				CLANG_WARN_INFINITE_RECURSION = YES;
				CLANG_WARN_INT_CONVERSION = YES;
				CLANG_WARN_NON_LITERAL_NULL_CONVERSION = YES;
				CLANG_WARN_OBJC_IMPLICIT_RETAIN_SELF = YES;
				CLANG_WARN_OBJC_LITERAL_CONVERSION = YES;
				CLANG_WARN_OBJC_ROOT_CLASS = YES_ERROR;
				CLANG_WARN_QUOTED_INCLUDE_IN_FRAMEWORK_HEADER = YES;
				CLANG_WARN_RANGE_LOOP_ANALYSIS = YES;
				CLANG_WARN_STRICT_PROTOTYPES = YES;
				CLANG_WARN_SUSPICIOUS_MOVE = YES;
				CLANG_WARN_UNGUARDED_AVAILABILITY = YES_AGGRESSIVE;
				CLANG_WARN_UNREACHABLE_CODE = YES;
				CLANG_WARN__DUPLICATE_METHOD_MATCH = YES;
				COPY_PHASE_STRIP = NO;
				DEBUG_INFORMATION_FORMAT = "dwarf-with-dsym";
				ENABLE_NS_ASSERTIONS = NO;
				ENABLE_STRICT_OBJC_MSGSEND = YES;
				ENABLE_USER_SCRIPT_SANDBOXING = YES;
				GCC_C_LANGUAGE_STANDARD = gnu17;
				GCC_NO_COMMON_BLOCKS = YES;
				GCC_WARN_64_TO_32_BIT_CONVERSION = YES;
				GCC_WARN_ABOUT_RETURN_TYPE = YES_ERROR;
				GCC_WARN_UNDECLARED_SELECTOR = YES;
				GCC_WARN_UNINITIALIZED_AUTOS = YES_AGGRESSIVE;
				GCC_WARN_UNUSED_FUNCTION = YES;
				GCC_WARN_UNUSED_VARIABLE = YES;
				IPHONEOS_DEPLOYMENT_TARGET = 17.4;
				LOCALIZATION_PREFERS_STRING_CATALOGS = YES;
				MTL_ENABLE_DEBUG_INFO = NO;
				MTL_FAST_MATH = YES;
				SDKROOT = iphoneos;
				SWIFT_COMPILATION_MODE = wholemodule;
				VALIDATE_PRODUCT = YES;
			};
			name = Release;
		};
		BC2FF0BA2C435BFE009390DF /* Debug */ = {
			isa = XCBuildConfiguration;
			buildSettings = {
				ASSETCATALOG_COMPILER_APPICON_NAME = AppIcon;
				ASSETCATALOG_COMPILER_GLOBAL_ACCENT_COLOR_NAME = AccentColor;
				CODE_SIGN_STYLE = Automatic;
				CURRENT_PROJECT_VERSION = 1;
				DEVELOPMENT_ASSET_PATHS = "\"SampleSQLiteAppProject/Preview Content\"";
				DEVELOPMENT_TEAM = 56LYVN6DMF;
				ENABLE_PREVIEWS = YES;
				GENERATE_INFOPLIST_FILE = YES;
				INFOPLIST_KEY_UIApplicationSceneManifest_Generation = YES;
				INFOPLIST_KEY_UIApplicationSupportsIndirectInputEvents = YES;
				INFOPLIST_KEY_UILaunchScreen_Generation = YES;
				INFOPLIST_KEY_UISupportedInterfaceOrientations_iPad = "UIInterfaceOrientationPortrait UIInterfaceOrientationPortraitUpsideDown UIInterfaceOrientationLandscapeLeft UIInterfaceOrientationLandscapeRight";
				INFOPLIST_KEY_UISupportedInterfaceOrientations_iPhone = "UIInterfaceOrientationPortrait UIInterfaceOrientationLandscapeLeft UIInterfaceOrientationLandscapeRight";
				LD_RUNPATH_SEARCH_PATHS = (
					"$(inherited)",
					"@executable_path/Frameworks",
				);
				MARKETING_VERSION = 1.0;
				PRODUCT_BUNDLE_IDENTIFIER = taichi.satou.SampleSQLiteAppProject;
				PRODUCT_NAME = "$(TARGET_NAME)";
				SWIFT_EMIT_LOC_STRINGS = YES;
				SWIFT_VERSION = 5.0;
				TARGETED_DEVICE_FAMILY = "1,2";
			};
			name = Debug;
		};
		BC2FF0BB2C435BFE009390DF /* Release */ = {
			isa = XCBuildConfiguration;
			buildSettings = {
				ASSETCATALOG_COMPILER_APPICON_NAME = AppIcon;
				ASSETCATALOG_COMPILER_GLOBAL_ACCENT_COLOR_NAME = AccentColor;
				CODE_SIGN_STYLE = Automatic;
				CURRENT_PROJECT_VERSION = 1;
				DEVELOPMENT_ASSET_PATHS = "\"SampleSQLiteAppProject/Preview Content\"";
				DEVELOPMENT_TEAM = 56LYVN6DMF;
				ENABLE_PREVIEWS = YES;
				GENERATE_INFOPLIST_FILE = YES;
				INFOPLIST_KEY_UIApplicationSceneManifest_Generation = YES;
				INFOPLIST_KEY_UIApplicationSupportsIndirectInputEvents = YES;
				INFOPLIST_KEY_UILaunchScreen_Generation = YES;
				INFOPLIST_KEY_UISupportedInterfaceOrientations_iPad = "UIInterfaceOrientationPortrait UIInterfaceOrientationPortraitUpsideDown UIInterfaceOrientationLandscapeLeft UIInterfaceOrientationLandscapeRight";
				INFOPLIST_KEY_UISupportedInterfaceOrientations_iPhone = "UIInterfaceOrientationPortrait UIInterfaceOrientationLandscapeLeft UIInterfaceOrientationLandscapeRight";
				LD_RUNPATH_SEARCH_PATHS = (
					"$(inherited)",
					"@executable_path/Frameworks",
				);
				MARKETING_VERSION = 1.0;
				PRODUCT_BUNDLE_IDENTIFIER = taichi.satou.SampleSQLiteAppProject;
				PRODUCT_NAME = "$(TARGET_NAME)";
				SWIFT_EMIT_LOC_STRINGS = YES;
				SWIFT_VERSION = 5.0;
				TARGETED_DEVICE_FAMILY = "1,2";
			};
			name = Release;
		};
/* End XCBuildConfiguration section */

/* Begin XCConfigurationList section */
		BC2FF0A62C435BF9009390DF /* Build configuration list for PBXProject "SampleSQLiteAppProject" */ = {
			isa = XCConfigurationList;
			buildConfigurations = (
				BC2FF0B72C435BFE009390DF /* Debug */,
				BC2FF0B82C435BFE009390DF /* Release */,
			);
			defaultConfigurationIsVisible = 0;
			defaultConfigurationName = Release;
		};
		BC2FF0B92C435BFE009390DF /* Build configuration list for PBXNativeTarget "SampleSQLiteAppProject" */ = {
			isa = XCConfigurationList;
			buildConfigurations = (
				BC2FF0BA2C435BFE009390DF /* Debug */,
				BC2FF0BB2C435BFE009390DF /* Release */,
			);
			defaultConfigurationIsVisible = 0;
			defaultConfigurationName = Release;
		};
/* End XCConfigurationList section */

/* Begin XCLocalSwiftPackageReference section */
		BC87558A2C451F3500F5EA09 /* XCLocalSwiftPackageReference "../SQLiteSampleSDK" */ = {
			isa = XCLocalSwiftPackageReference;
			relativePath = ../SQLiteSampleSDK;
		};
/* End XCLocalSwiftPackageReference section */

/* Begin XCSwiftPackageProductDependency section */
		BC2FF0BF2C451A37009390DF /* SQLiteSampleSDK */ = {
			isa = XCSwiftPackageProductDependency;
			productName = SQLiteSampleSDK;
		};
		BC87558B2C451F3500F5EA09 /* SQLiteSampleSDK */ = {
			isa = XCSwiftPackageProductDependency;
			productName = SQLiteSampleSDK;
		};
/* End XCSwiftPackageProductDependency section */
	};
	rootObject = BC2FF0A32C435BF9009390DF /* Project object */;
}
